Microsoft Visual Studio Solution File, Format Version 11.00
# Visual Studio 2008

Project("{BE89DE2C-3556-C853-F2C1-CE05D087F277}") = "SamuraiSurvivalArena", "Assembly-CSharp.csproj", "{EEAE840E-31BD-6294-AEE6-022B0CC8317C}"
EndProject
Project("{BE89DE2C-3556-C853-F2C1-CE05D087F277}") = "SamuraiSurvivalArena", "Assembly-CSharp-Editor.csproj", "{A5B6A638-0F4F-E17E-0539-92182EE28DF9}"
EndProject
Project("{BE89DE2C-3556-C853-F2C1-CE05D087F277}") = "SamuraiSurvivalArena", "Assembly-UnityScript.unityproj", "{534F392B-F62C-8D7C-6D37-49A1AD3ABF30}"
EndProject
Global
	GlobalSection(SolutionConfigurationPlatforms) = preSolution
		Debug|Any CPU = Debug|Any CPU
		Release|Any CPU = Release|Any CPU
	EndGlobalSection
	GlobalSection(ProjectConfigurationPlatforms) = postSolution
		{EEAE840E-31BD-6294-AEE6-022B0CC8317C}.Debug|Any CPU.ActiveCfg = Debug|Any CPU
		{EEAE840E-31BD-6294-AEE6-022B0CC8317C}.Debug|Any CPU.Build.0 = Debug|Any CPU
		{EEAE840E-31BD-6294-AEE6-022B0CC8317C}.Release|Any CPU.ActiveCfg = Release|Any CPU
		{EEAE840E-31BD-6294-AEE6-022B0CC8317C}.Release|Any CPU.Build.0 = Release|Any CPU
		{A5B6A638-0F4F-E17E-0539-92182EE28DF9}.Debug|Any CPU.ActiveCfg = Debug|Any CPU
		{A5B6A638-0F4F-E17E-0539-92182EE28DF9}.Debug|Any CPU.Build.0 = Debug|Any CPU
		{A5B6A638-0F4F-E17E-0539-92182EE28DF9}.Release|Any CPU.ActiveCfg = Release|Any CPU
		{A5B6A638-0F4F-E17E-0539-92182EE28DF9}.Release|Any CPU.Build.0 = Release|Any CPU
		{534F392B-F62C-8D7C-6D37-49A1AD3ABF30}.Debug|Any CPU.ActiveCfg = Debug|Any CPU
		{534F392B-F62C-8D7C-6D37-49A1AD3ABF30}.Debug|Any CPU.Build.0 = Debug|Any CPU
		{534F392B-F62C-8D7C-6D37-49A1AD3ABF30}.Release|Any CPU.ActiveCfg = Release|Any CPU
		{534F392B-F62C-8D7C-6D37-49A1AD3ABF30}.Release|Any CPU.Build.0 = Release|Any CPU
	EndGlobalSection
	GlobalSection(SolutionProperties) = preSolution
		HideSolutionNode = FALSE
	EndGlobalSection
	GlobalSection(MonoDevelopProperties) = preSolution
		StartupItem = Assembly-CSharp.csproj
	EndGlobalSection
EndGlobal
