Microsoft Visual Studio Solution File, Format Version 11.00
# Visual Studio 2008

Project("{CE101E94-F339-6574-2836-2140B3A671FB}") = "Un game", "Assembly-CSharp.csproj", "{250EAD92-9837-CD74-A7DA-6F2A531CEE6D}"
EndProject
Project("{CE101E94-F339-6574-2836-2140B3A671FB}") = "Un game", "Assembly-CSharp-Editor.csproj", "{4ED3262C-C900-2D29-3D68-08D4B44A4F2B}"
EndProject
Project("{CE101E94-F339-6574-2836-2140B3A671FB}") = "Un game", "Assembly-UnityScript.unityproj", "{0CCA2B3D-0E4E-2987-F060-9C49E1BFE247}"
EndProject
Global
	GlobalSection(SolutionConfigurationPlatforms) = preSolution
		Debug|Any CPU = Debug|Any CPU
		Release|Any CPU = Release|Any CPU
	EndGlobalSection
	GlobalSection(ProjectConfigurationPlatforms) = postSolution
		{250EAD92-9837-CD74-A7DA-6F2A531CEE6D}.Debug|Any CPU.ActiveCfg = Debug|Any CPU
		{250EAD92-9837-CD74-A7DA-6F2A531CEE6D}.Debug|Any CPU.Build.0 = Debug|Any CPU
		{250EAD92-9837-CD74-A7DA-6F2A531CEE6D}.Release|Any CPU.ActiveCfg = Release|Any CPU
		{250EAD92-9837-CD74-A7DA-6F2A531CEE6D}.Release|Any CPU.Build.0 = Release|Any CPU
		{4ED3262C-C900-2D29-3D68-08D4B44A4F2B}.Debug|Any CPU.ActiveCfg = Debug|Any CPU
		{4ED3262C-C900-2D29-3D68-08D4B44A4F2B}.Debug|Any CPU.Build.0 = Debug|Any CPU
		{4ED3262C-C900-2D29-3D68-08D4B44A4F2B}.Release|Any CPU.ActiveCfg = Release|Any CPU
		{4ED3262C-C900-2D29-3D68-08D4B44A4F2B}.Release|Any CPU.Build.0 = Release|Any CPU
		{0CCA2B3D-0E4E-2987-F060-9C49E1BFE247}.Debug|Any CPU.ActiveCfg = Debug|Any CPU
		{0CCA2B3D-0E4E-2987-F060-9C49E1BFE247}.Debug|Any CPU.Build.0 = Debug|Any CPU
		{0CCA2B3D-0E4E-2987-F060-9C49E1BFE247}.Release|Any CPU.ActiveCfg = Release|Any CPU
		{0CCA2B3D-0E4E-2987-F060-9C49E1BFE247}.Release|Any CPU.Build.0 = Release|Any CPU
	EndGlobalSection
	GlobalSection(SolutionProperties) = preSolution
		HideSolutionNode = FALSE
	EndGlobalSection
	GlobalSection(MonoDevelopProperties) = preSolution
		StartupItem = Assembly-CSharp.csproj
	EndGlobalSection
EndGlobal
